version = 1
revision = 2
requires-python = ">=3.11, <4"

[[package]]
name = "cffi"
version = "1.17.1"
source = { registry = "https://pypi.org/simple" }
dependencies = [
    { name = "pycparser" },
]
sdist = { url = "https://files.pythonhosted.org/packages/fc/97/c783634659c2920c3fc70419e3af40972dbaf758daa229a7d6ea6135c90d/cffi-1.17.1.tar.gz", hash = "sha256:1c39c6016c32bc48dd54561950ebd6836e1670f2ae46128f67cf49e789c52824", size = 516621, upload-time = "2024-09-04T20:45:21.852Z" }
wheels = [
    { url = "https://files.pythonhosted.org/packages/6b/f4/927e3a8899e52a27fa57a48607ff7dc91a9ebe97399b357b85a0c7892e00/cffi-1.17.1-cp311-cp311-macosx_10_9_x86_64.whl", hash = "sha256:a45e3c6913c5b87b3ff120dcdc03f6131fa0065027d0ed7ee6190736a74cd401", size = 182264, upload-time = "2024-09-04T20:43:51.124Z" },
    { url = "https://files.pythonhosted.org/packages/6c/f5/6c3a8efe5f503175aaddcbea6ad0d2c96dad6f5abb205750d1b3df44ef29/cffi-1.17.1-cp311-cp311-macosx_11_0_arm64.whl", hash = "sha256:30c5e0cb5ae493c04c8b42916e52ca38079f1b235c2f8ae5f4527b963c401caf", size = 178651, upload-time = "2024-09-04T20:43:52.872Z" },
    { url = "https://files.pythonhosted.org/packages/94/dd/a3f0118e688d1b1a57553da23b16bdade96d2f9bcda4d32e7d2838047ff7/cffi-1.17.1-cp311-cp311-manylinux_2_12_i686.manylinux2010_i686.manylinux_2_17_i686.manylinux2014_i686.whl", hash = "sha256:f75c7ab1f9e4aca5414ed4d8e5c0e303a34f4421f8a0d47a4d019ceff0ab6af4", size = 445259, upload-time = "2024-09-04T20:43:56.123Z" },
    { url = "https://files.pythonhosted.org/packages/2e/ea/70ce63780f096e16ce8588efe039d3c4f91deb1dc01e9c73a287939c79a6/cffi-1.17.1-cp311-cp311-manylinux_2_17_aarch64.manylinux2014_aarch64.whl", hash = "sha256:a1ed2dd2972641495a3ec98445e09766f077aee98a1c896dcb4ad0d303628e41", size = 469200, upload-time = "2024-09-04T20:43:57.891Z" },
    { url = "https://files.pythonhosted.org/packages/1c/a0/a4fa9f4f781bda074c3ddd57a572b060fa0df7655d2a4247bbe277200146/cffi-1.17.1-cp311-cp311-manylinux_2_17_ppc64le.manylinux2014_ppc64le.whl", hash = "sha256:46bf43160c1a35f7ec506d254e5c890f3c03648a4dbac12d624e4490a7046cd1", size = 477235, upload-time = "2024-09-04T20:44:00.18Z" },
    { url = "https://files.pythonhosted.org/packages/62/12/ce8710b5b8affbcdd5c6e367217c242524ad17a02fe5beec3ee339f69f85/cffi-1.17.1-cp311-cp311-manylinux_2_17_s390x.manylinux2014_s390x.whl", hash = "sha256:a24ed04c8ffd54b0729c07cee15a81d964e6fee0e3d4d342a27b020d22959dc6", size = 459721, upload-time = "2024-09-04T20:44:01.585Z" },
    { url = "https://files.pythonhosted.org/packages/ff/6b/d45873c5e0242196f042d555526f92aa9e0c32355a1be1ff8c27f077fd37/cffi-1.17.1-cp311-cp311-manylinux_2_17_x86_64.manylinux2014_x86_64.whl", hash = "sha256:610faea79c43e44c71e1ec53a554553fa22321b65fae24889706c0a84d4ad86d", size = 467242, upload-time = "2024-09-04T20:44:03.467Z" },
    { url = "https://files.pythonhosted.org/packages/1a/52/d9a0e523a572fbccf2955f5abe883cfa8bcc570d7faeee06336fbd50c9fc/cffi-1.17.1-cp311-cp311-musllinux_1_1_aarch64.whl", hash = "sha256:a9b15d491f3ad5d692e11f6b71f7857e7835eb677955c00cc0aefcd0669adaf6", size = 477999, upload-time = "2024-09-04T20:44:05.023Z" },
    { url = "https://files.pythonhosted.org/packages/44/74/f2a2460684a1a2d00ca799ad880d54652841a780c4c97b87754f660c7603/cffi-1.17.1-cp311-cp311-musllinux_1_1_i686.whl", hash = "sha256:de2ea4b5833625383e464549fec1bc395c1bdeeb5f25c4a3a82b5a8c756ec22f", size = 454242, upload-time = "2024-09-04T20:44:06.444Z" },
    { url = "https://files.pythonhosted.org/packages/f8/4a/34599cac7dfcd888ff54e801afe06a19c17787dfd94495ab0c8d35fe99fb/cffi-1.17.1-cp311-cp311-musllinux_1_1_x86_64.whl", hash = "sha256:fc48c783f9c87e60831201f2cce7f3b2e4846bf4d8728eabe54d60700b318a0b", size = 478604, upload-time = "2024-09-04T20:44:08.206Z" },
    { url = "https://files.pythonhosted.org/packages/34/33/e1b8a1ba29025adbdcda5fb3a36f94c03d771c1b7b12f726ff7fef2ebe36/cffi-1.17.1-cp311-cp311-win32.whl", hash = "sha256:85a950a4ac9c359340d5963966e3e0a94a676bd6245a4b55bc43949eee26a655", size = 171727, upload-time = "2024-09-04T20:44:09.481Z" },
    { url = "https://files.pythonhosted.org/packages/3d/97/50228be003bb2802627d28ec0627837ac0bf35c90cf769812056f235b2d1/cffi-1.17.1-cp311-cp311-win_amd64.whl", hash = "sha256:caaf0640ef5f5517f49bc275eca1406b0ffa6aa184892812030f04c2abf589a0", size = 181400, upload-time = "2024-09-04T20:44:10.873Z" },
    { url = "https://files.pythonhosted.org/packages/5a/84/e94227139ee5fb4d600a7a4927f322e1d4aea6fdc50bd3fca8493caba23f/cffi-1.17.1-cp312-cp312-macosx_10_9_x86_64.whl", hash = "sha256:805b4371bf7197c329fcb3ead37e710d1bca9da5d583f5073b799d5c5bd1eee4", size = 183178, upload-time = "2024-09-04T20:44:12.232Z" },
    { url = "https://files.pythonhosted.org/packages/da/ee/fb72c2b48656111c4ef27f0f91da355e130a923473bf5ee75c5643d00cca/cffi-1.17.1-cp312-cp312-macosx_11_0_arm64.whl", hash = "sha256:733e99bc2df47476e3848417c5a4540522f234dfd4ef3ab7fafdf555b082ec0c", size = 178840, upload-time = "2024-09-04T20:44:13.739Z" },
    { url = "https://files.pythonhosted.org/packages/cc/b6/db007700f67d151abadf508cbfd6a1884f57eab90b1bb985c4c8c02b0f28/cffi-1.17.1-cp312-cp312-manylinux_2_12_i686.manylinux2010_i686.manylinux_2_17_i686.manylinux2014_i686.whl", hash = "sha256:1257bdabf294dceb59f5e70c64a3e2f462c30c7ad68092d01bbbfb1c16b1ba36", size = 454803, upload-time = "2024-09-04T20:44:15.231Z" },
    { url = "https://files.pythonhosted.org/packages/1a/df/f8d151540d8c200eb1c6fba8cd0dfd40904f1b0682ea705c36e6c2e97ab3/cffi-1.17.1-cp312-cp312-manylinux_2_17_aarch64.manylinux2014_aarch64.whl", hash = "sha256:da95af8214998d77a98cc14e3a3bd00aa191526343078b530ceb0bd710fb48a5", size = 478850, upload-time = "2024-09-04T20:44:17.188Z" },
    { url = "https://files.pythonhosted.org/packages/28/c0/b31116332a547fd2677ae5b78a2ef662dfc8023d67f41b2a83f7c2aa78b1/cffi-1.17.1-cp312-cp312-manylinux_2_17_ppc64le.manylinux2014_ppc64le.whl", hash = "sha256:d63afe322132c194cf832bfec0dc69a99fb9bb6bbd550f161a49e9e855cc78ff", size = 485729, upload-time = "2024-09-04T20:44:18.688Z" },
    { url = "https://files.pythonhosted.org/packages/91/2b/9a1ddfa5c7f13cab007a2c9cc295b70fbbda7cb10a286aa6810338e60ea1/cffi-1.17.1-cp312-cp312-manylinux_2_17_s390x.manylinux2014_s390x.whl", hash = "sha256:f79fc4fc25f1c8698ff97788206bb3c2598949bfe0fef03d299eb1b5356ada99", size = 471256, upload-time = "2024-09-04T20:44:20.248Z" },
    { url = "https://files.pythonhosted.org/packages/b2/d5/da47df7004cb17e4955df6a43d14b3b4ae77737dff8bf7f8f333196717bf/cffi-1.17.1-cp312-cp312-manylinux_2_17_x86_64.manylinux2014_x86_64.whl", hash = "sha256:b62ce867176a75d03a665bad002af8e6d54644fad99a3c70905c543130e39d93", size = 479424, upload-time = "2024-09-04T20:44:21.673Z" },
    { url = "https://files.pythonhosted.org/packages/0b/ac/2a28bcf513e93a219c8a4e8e125534f4f6db03e3179ba1c45e949b76212c/cffi-1.17.1-cp312-cp312-musllinux_1_1_aarch64.whl", hash = "sha256:386c8bf53c502fff58903061338ce4f4950cbdcb23e2902d86c0f722b786bbe3", size = 484568, upload-time = "2024-09-04T20:44:23.245Z" },
    { url = "https://files.pythonhosted.org/packages/d4/38/ca8a4f639065f14ae0f1d9751e70447a261f1a30fa7547a828ae08142465/cffi-1.17.1-cp312-cp312-musllinux_1_1_x86_64.whl", hash = "sha256:4ceb10419a9adf4460ea14cfd6bc43d08701f0835e979bf821052f1805850fe8", size = 488736, upload-time = "2024-09-04T20:44:24.757Z" },
    { url = "https://files.pythonhosted.org/packages/86/c5/28b2d6f799ec0bdecf44dced2ec5ed43e0eb63097b0f58c293583b406582/cffi-1.17.1-cp312-cp312-win32.whl", hash = "sha256:a08d7e755f8ed21095a310a693525137cfe756ce62d066e53f502a83dc550f65", size = 172448, upload-time = "2024-09-04T20:44:26.208Z" },
    { url = "https://files.pythonhosted.org/packages/50/b9/db34c4755a7bd1cb2d1603ac3863f22bcecbd1ba29e5ee841a4bc510b294/cffi-1.17.1-cp312-cp312-win_amd64.whl", hash = "sha256:51392eae71afec0d0c8fb1a53b204dbb3bcabcb3c9b807eedf3e1e6ccf2de903", size = 181976, upload-time = "2024-09-04T20:44:27.578Z" },
    { url = "https://files.pythonhosted.org/packages/8d/f8/dd6c246b148639254dad4d6803eb6a54e8c85c6e11ec9df2cffa87571dbe/cffi-1.17.1-cp313-cp313-macosx_10_13_x86_64.whl", hash = "sha256:f3a2b4222ce6b60e2e8b337bb9596923045681d71e5a082783484d845390938e", size = 182989, upload-time = "2024-09-04T20:44:28.956Z" },
    { url = "https://files.pythonhosted.org/packages/8b/f1/672d303ddf17c24fc83afd712316fda78dc6fce1cd53011b839483e1ecc8/cffi-1.17.1-cp313-cp313-macosx_11_0_arm64.whl", hash = "sha256:0984a4925a435b1da406122d4d7968dd861c1385afe3b45ba82b750f229811e2", size = 178802, upload-time = "2024-09-04T20:44:30.289Z" },
    { url = "https://files.pythonhosted.org/packages/0e/2d/eab2e858a91fdff70533cab61dcff4a1f55ec60425832ddfdc9cd36bc8af/cffi-1.17.1-cp313-cp313-manylinux_2_12_i686.manylinux2010_i686.manylinux_2_17_i686.manylinux2014_i686.whl", hash = "sha256:d01b12eeeb4427d3110de311e1774046ad344f5b1a7403101878976ecd7a10f3", size = 454792, upload-time = "2024-09-04T20:44:32.01Z" },
    { url = "https://files.pythonhosted.org/packages/75/b2/fbaec7c4455c604e29388d55599b99ebcc250a60050610fadde58932b7ee/cffi-1.17.1-cp313-cp313-manylinux_2_17_aarch64.manylinux2014_aarch64.whl", hash = "sha256:706510fe141c86a69c8ddc029c7910003a17353970cff3b904ff0686a5927683", size = 478893, upload-time = "2024-09-04T20:44:33.606Z" },
    { url = "https://files.pythonhosted.org/packages/4f/b7/6e4a2162178bf1935c336d4da8a9352cccab4d3a5d7914065490f08c0690/cffi-1.17.1-cp313-cp313-manylinux_2_17_ppc64le.manylinux2014_ppc64le.whl", hash = "sha256:de55b766c7aa2e2a3092c51e0483d700341182f08e67c63630d5b6f200bb28e5", size = 485810, upload-time = "2024-09-04T20:44:35.191Z" },
    { url = "https://files.pythonhosted.org/packages/c7/8a/1d0e4a9c26e54746dc08c2c6c037889124d4f59dffd853a659fa545f1b40/cffi-1.17.1-cp313-cp313-manylinux_2_17_s390x.manylinux2014_s390x.whl", hash = "sha256:c59d6e989d07460165cc5ad3c61f9fd8f1b4796eacbd81cee78957842b834af4", size = 471200, upload-time = "2024-09-04T20:44:36.743Z" },
    { url = "https://files.pythonhosted.org/packages/26/9f/1aab65a6c0db35f43c4d1b4f580e8df53914310afc10ae0397d29d697af4/cffi-1.17.1-cp313-cp313-manylinux_2_17_x86_64.manylinux2014_x86_64.whl", hash = "sha256:dd398dbc6773384a17fe0d3e7eeb8d1a21c2200473ee6806bb5e6a8e62bb73dd", size = 479447, upload-time = "2024-09-04T20:44:38.492Z" },
    { url = "https://files.pythonhosted.org/packages/5f/e4/fb8b3dd8dc0e98edf1135ff067ae070bb32ef9d509d6cb0f538cd6f7483f/cffi-1.17.1-cp313-cp313-musllinux_1_1_aarch64.whl", hash = "sha256:3edc8d958eb099c634dace3c7e16560ae474aa3803a5df240542b305d14e14ed", size = 484358, upload-time = "2024-09-04T20:44:40.046Z" },
    { url = "https://files.pythonhosted.org/packages/f1/47/d7145bf2dc04684935d57d67dff9d6d795b2ba2796806bb109864be3a151/cffi-1.17.1-cp313-cp313-musllinux_1_1_x86_64.whl", hash = "sha256:72e72408cad3d5419375fc87d289076ee319835bdfa2caad331e377589aebba9", size = 488469, upload-time = "2024-09-04T20:44:41.616Z" },
    { url = "https://files.pythonhosted.org/packages/bf/ee/f94057fa6426481d663b88637a9a10e859e492c73d0384514a17d78ee205/cffi-1.17.1-cp313-cp313-win32.whl", hash = "sha256:e03eab0a8677fa80d646b5ddece1cbeaf556c313dcfac435ba11f107ba117b5d", size = 172475, upload-time = "2024-09-04T20:44:43.733Z" },
    { url = "https://files.pythonhosted.org/packages/7c/fc/6a8cb64e5f0324877d503c854da15d76c1e50eb722e320b15345c4d0c6de/cffi-1.17.1-cp313-cp313-win_amd64.whl", hash = "sha256:f6a16c31041f09ead72d69f583767292f750d24913dadacf5756b966aacb3f1a", size = 182009, upload-time = "2024-09-04T20:44:45.309Z" },
]

[[package]]
name = "cloudpickle"
version = "3.1.0"
source = { registry = "https://pypi.org/simple" }
sdist = { url = "https://files.pythonhosted.org/packages/97/c7/f746cadd08c4c08129215cf1b984b632f9e579fc781301e63da9e85c76c1/cloudpickle-3.1.0.tar.gz", hash = "sha256:81a929b6e3c7335c863c771d673d105f02efdb89dfaba0c90495d1c64796601b", size = 66155, upload-time = "2024-10-11T16:30:23.241Z" }
wheels = [
    { url = "https://files.pythonhosted.org/packages/48/41/e1d85ca3cab0b674e277c8c4f678cf66a91cd2cecf93df94353a606fe0db/cloudpickle-3.1.0-py3-none-any.whl", hash = "sha256:fe11acda67f61aaaec473e3afe030feb131d78a43461b718185363384f1ba12e", size = 22021, upload-time = "2024-10-11T16:30:12.798Z" },
]

[[package]]
name = "colorama"
version = "0.4.6"
source = { registry = "https://pypi.org/simple" }
sdist = { url = "https://files.pythonhosted.org/packages/d8/53/6f443c9a4a8358a93a6792e2acffb9d9d5cb0a5cfd8802644b7b1c9a02e4/colorama-0.4.6.tar.gz", hash = "sha256:08695f5cb7ed6e0531a20572697297273c47b8cae5a63ffc6d6ed5c201be6e44", size = 27697, upload-time = "2022-10-25T02:36:22.414Z" }
wheels = [
    { url = "https://files.pythonhosted.org/packages/d1/d6/3965ed04c63042e047cb6a3e6ed1a63a35087b6a609aa3a15ed8ac56c221/colorama-0.4.6-py2.py3-none-any.whl", hash = "sha256:4f1d9991f5acc0ca119f9d443620b77f9d6b33703e51011c16baf57afb285fc6", size = 25335, upload-time = "2022-10-25T02:36:20.889Z" },
]

[[package]]
name = "farama-notifications"
version = "0.0.4"
source = { registry = "https://pypi.org/simple" }
sdist = { url = "https://files.pythonhosted.org/packages/2e/2c/8384832b7a6b1fd6ba95bbdcae26e7137bb3eedc955c42fd5cdcc086cfbf/Farama-Notifications-0.0.4.tar.gz", hash = "sha256:13fceff2d14314cf80703c8266462ebf3733c7d165336eee998fc58e545efd18", size = 2131, upload-time = "2023-02-27T18:28:41.047Z" }
wheels = [
    { url = "https://files.pythonhosted.org/packages/05/2c/ffc08c54c05cdce6fbed2aeebc46348dbe180c6d2c541c7af7ba0aa5f5f8/Farama_Notifications-0.0.4-py3-none-any.whl", hash = "sha256:14de931035a41961f7c056361dc7f980762a143d05791ef5794a751a2caf05ae", size = 2511, upload-time = "2023-02-27T18:28:39.447Z" },
]

[[package]]
name = "gymnasium"
version = "0.29.1"
source = { registry = "https://pypi.org/simple" }
dependencies = [
    { name = "cloudpickle" },
    { name = "farama-notifications" },
    { name = "numpy" },
    { name = "typing-extensions" },
]
sdist = { url = "https://files.pythonhosted.org/packages/0d/f8/5699ddb3e1c4f6d97b8930e573074849b921da8374fccd141f0f3a9bd713/gymnasium-0.29.1.tar.gz", hash = "sha256:1a532752efcb7590478b1cc7aa04f608eb7a2fdad5570cd217b66b6a35274bb1", size = 820485, upload-time = "2023-08-21T13:07:32.024Z" }
wheels = [
    { url = "https://files.pythonhosted.org/packages/a8/4d/3cbfd81ed84db450dbe73a89afcd8bc405273918415649ac6683356afe92/gymnasium-0.29.1-py3-none-any.whl", hash = "sha256:61c3384b5575985bb7f85e43213bcb40f36fcdff388cae6bc229304c71f2843e", size = 953939, upload-time = "2023-08-21T13:07:29.934Z" },
]

[[package]]
name = "llvmlite"
version = "0.43.0"
source = { registry = "https://pypi.org/simple" }
sdist = { url = "https://files.pythonhosted.org/packages/9f/3d/f513755f285db51ab363a53e898b85562e950f79a2e6767a364530c2f645/llvmlite-0.43.0.tar.gz", hash = "sha256:ae2b5b5c3ef67354824fb75517c8db5fbe93bc02cd9671f3c62271626bc041d5", size = 157069, upload-time = "2024-06-13T18:09:32.641Z" }
wheels = [
    { url = "https://files.pythonhosted.org/packages/95/8c/de3276d773ab6ce3ad676df5fab5aac19696b2956319d65d7dd88fb10f19/llvmlite-0.43.0-cp311-cp311-macosx_10_9_x86_64.whl", hash = "sha256:3e8d0618cb9bfe40ac38a9633f2493d4d4e9fcc2f438d39a4e854f39cc0f5f98", size = 31064409, upload-time = "2024-06-13T18:08:34.006Z" },
    { url = "https://files.pythonhosted.org/packages/ee/e1/38deed89ced4cf378c61e232265cfe933ccde56ae83c901aa68b477d14b1/llvmlite-0.43.0-cp311-cp311-macosx_11_0_arm64.whl", hash = "sha256:e0a9a1a39d4bf3517f2af9d23d479b4175ead205c592ceeb8b89af48a327ea57", size = 28793149, upload-time = "2024-06-13T18:08:37.42Z" },
    { url = "https://files.pythonhosted.org/packages/2f/b2/4429433eb2dc8379e2cb582502dca074c23837f8fd009907f78a24de4c25/llvmlite-0.43.0-cp311-cp311-manylinux_2_17_aarch64.manylinux2014_aarch64.whl", hash = "sha256:c1da416ab53e4f7f3bc8d4eeba36d801cc1894b9fbfbf2022b29b6bad34a7df2", size = 42857277, upload-time = "2024-06-13T18:08:40.822Z" },
    { url = "https://files.pythonhosted.org/packages/6b/99/5d00a7d671b1ba1751fc9f19d3b36f3300774c6eebe2bcdb5f6191763eb4/llvmlite-0.43.0-cp311-cp311-manylinux_2_17_x86_64.manylinux2014_x86_64.whl", hash = "sha256:977525a1e5f4059316b183fb4fd34fa858c9eade31f165427a3977c95e3ee749", size = 43871781, upload-time = "2024-06-13T18:08:46.41Z" },
    { url = "https://files.pythonhosted.org/packages/20/ab/ed5ed3688c6ba4f0b8d789da19fd8e30a9cf7fc5852effe311bc5aefe73e/llvmlite-0.43.0-cp311-cp311-win_amd64.whl", hash = "sha256:d5bd550001d26450bd90777736c69d68c487d17bf371438f975229b2b8241a91", size = 28107433, upload-time = "2024-06-13T18:08:50.834Z" },
    { url = "https://files.pythonhosted.org/packages/0b/67/9443509e5d2b6d8587bae3ede5598fa8bd586b1c7701696663ea8af15b5b/llvmlite-0.43.0-cp312-cp312-macosx_10_9_x86_64.whl", hash = "sha256:f99b600aa7f65235a5a05d0b9a9f31150c390f31261f2a0ba678e26823ec38f7", size = 31064409, upload-time = "2024-06-13T18:08:54.375Z" },
    { url = "https://files.pythonhosted.org/packages/a2/9c/24139d3712d2d352e300c39c0e00d167472c08b3bd350c3c33d72c88ff8d/llvmlite-0.43.0-cp312-cp312-macosx_11_0_arm64.whl", hash = "sha256:35d80d61d0cda2d767f72de99450766250560399edc309da16937b93d3b676e7", size = 28793145, upload-time = "2024-06-13T18:08:57.953Z" },
    { url = "https://files.pythonhosted.org/packages/bf/f1/4c205a48488e574ee9f6505d50e84370a978c90f08dab41a42d8f2c576b6/llvmlite-0.43.0-cp312-cp312-manylinux_2_17_aarch64.manylinux2014_aarch64.whl", hash = "sha256:eccce86bba940bae0d8d48ed925f21dbb813519169246e2ab292b5092aba121f", size = 42857276, upload-time = "2024-06-13T18:09:02.067Z" },
    { url = "https://files.pythonhosted.org/packages/00/5f/323c4d56e8401c50185fd0e875fcf06b71bf825a863699be1eb10aa2a9cb/llvmlite-0.43.0-cp312-cp312-manylinux_2_17_x86_64.manylinux2014_x86_64.whl", hash = "sha256:df6509e1507ca0760787a199d19439cc887bfd82226f5af746d6977bd9f66844", size = 43871781, upload-time = "2024-06-13T18:09:06.667Z" },
    { url = "https://files.pythonhosted.org/packages/c6/94/dea10e263655ce78d777e78d904903faae39d1fc440762be4a9dc46bed49/llvmlite-0.43.0-cp312-cp312-win_amd64.whl", hash = "sha256:7a2872ee80dcf6b5dbdc838763d26554c2a18aa833d31a2635bff16aafefb9c9", size = 28107442, upload-time = "2024-06-13T18:09:10.709Z" },
]

[[package]]
name = "numba"
version = "0.60.0"
source = { registry = "https://pypi.org/simple" }
dependencies = [
    { name = "llvmlite" },
    { name = "numpy" },
]
sdist = { url = "https://files.pythonhosted.org/packages/3c/93/2849300a9184775ba274aba6f82f303343669b0592b7bb0849ea713dabb0/numba-0.60.0.tar.gz", hash = "sha256:5df6158e5584eece5fc83294b949fd30b9f1125df7708862205217e068aabf16", size = 2702171, upload-time = "2024-06-13T18:11:19.869Z" }
wheels = [
    { url = "https://files.pythonhosted.org/packages/98/ad/df18d492a8f00d29a30db307904b9b296e37507034eedb523876f3a2e13e/numba-0.60.0-cp311-cp311-macosx_10_9_x86_64.whl", hash = "sha256:a17b70fc9e380ee29c42717e8cc0bfaa5556c416d94f9aa96ba13acb41bdece8", size = 2647254, upload-time = "2024-06-13T18:10:41.69Z" },
    { url = "https://files.pythonhosted.org/packages/9a/51/a4dc2c01ce7a850b8e56ff6d5381d047a5daea83d12bad08aa071d34b2ee/numba-0.60.0-cp311-cp311-macosx_11_0_arm64.whl", hash = "sha256:3fb02b344a2a80efa6f677aa5c40cd5dd452e1b35f8d1c2af0dfd9ada9978e4b", size = 2649970, upload-time = "2024-06-13T18:10:44.682Z" },
    { url = "https://files.pythonhosted.org/packages/f9/4c/8889ac94c0b33dca80bed11564b8c6d9ea14d7f094e674c58e5c5b05859b/numba-0.60.0-cp311-cp311-manylinux2014_aarch64.manylinux_2_17_aarch64.whl", hash = "sha256:5f4fde652ea604ea3c86508a3fb31556a6157b2c76c8b51b1d45eb40c8598703", size = 3412492, upload-time = "2024-06-13T18:10:47.1Z" },
    { url = "https://files.pythonhosted.org/packages/57/03/2b4245b05b71c0cee667e6a0b51606dfa7f4157c9093d71c6b208385a611/numba-0.60.0-cp311-cp311-manylinux2014_x86_64.manylinux_2_17_x86_64.whl", hash = "sha256:4142d7ac0210cc86432b818338a2bc368dc773a2f5cf1e32ff7c5b378bd63ee8", size = 3705018, upload-time = "2024-06-13T18:10:49.539Z" },
    { url = "https://files.pythonhosted.org/packages/79/89/2d924ca60dbf949f18a6fec223a2445f5f428d9a5f97a6b29c2122319015/numba-0.60.0-cp311-cp311-win_amd64.whl", hash = "sha256:cac02c041e9b5bc8cf8f2034ff6f0dbafccd1ae9590dc146b3a02a45e53af4e2", size = 2686920, upload-time = "2024-06-13T18:10:51.937Z" },
    { url = "https://files.pythonhosted.org/packages/eb/5c/b5ec752c475e78a6c3676b67c514220dbde2725896bbb0b6ec6ea54b2738/numba-0.60.0-cp312-cp312-macosx_10_9_x86_64.whl", hash = "sha256:d7da4098db31182fc5ffe4bc42c6f24cd7d1cb8a14b59fd755bfee32e34b8404", size = 2647866, upload-time = "2024-06-13T18:10:54.453Z" },
    { url = "https://files.pythonhosted.org/packages/65/42/39559664b2e7c15689a638c2a38b3b74c6e69a04e2b3019b9f7742479188/numba-0.60.0-cp312-cp312-macosx_11_0_arm64.whl", hash = "sha256:38d6ea4c1f56417076ecf8fc327c831ae793282e0ff51080c5094cb726507b1c", size = 2650208, upload-time = "2024-06-13T18:10:56.779Z" },
    { url = "https://files.pythonhosted.org/packages/67/88/c4459ccc05674ef02119abf2888ccd3e2fed12a323f52255f4982fc95876/numba-0.60.0-cp312-cp312-manylinux2014_aarch64.manylinux_2_17_aarch64.whl", hash = "sha256:62908d29fb6a3229c242e981ca27e32a6e606cc253fc9e8faeb0e48760de241e", size = 3466946, upload-time = "2024-06-13T18:10:58.961Z" },
    { url = "https://files.pythonhosted.org/packages/8b/41/ac11cf33524def12aa5bd698226ae196a1185831c05ed29dc0c56eaa308b/numba-0.60.0-cp312-cp312-manylinux2014_x86_64.manylinux_2_17_x86_64.whl", hash = "sha256:0ebaa91538e996f708f1ab30ef4d3ddc344b64b5227b67a57aa74f401bb68b9d", size = 3761463, upload-time = "2024-06-13T18:11:01.657Z" },
    { url = "https://files.pythonhosted.org/packages/ca/bd/0fe29fcd1b6a8de479a4ed25c6e56470e467e3611c079d55869ceef2b6d1/numba-0.60.0-cp312-cp312-win_amd64.whl", hash = "sha256:f75262e8fe7fa96db1dca93d53a194a38c46da28b112b8a4aca168f0df860347", size = 2707588, upload-time = "2024-06-13T18:11:04.261Z" },
]

[[package]]
name = "numpy"
version = "2.0.0"
source = { registry = "https://pypi.org/simple" }
sdist = { url = "https://files.pythonhosted.org/packages/05/35/fb1ada118002df3fe91b5c3b28bc0d90f879b881a5d8f68b1f9b79c44bfe/numpy-2.0.0.tar.gz", hash = "sha256:cf5d1c9e6837f8af9f92b6bd3e86d513cdc11f60fd62185cc49ec7d1aba34864", size = 18326228, upload-time = "2024-06-16T13:24:44.066Z" }
wheels = [
    { url = "https://files.pythonhosted.org/packages/58/52/a1aea658c7134ea0977542fc4d1aa6f1f9876c6a14ffeecd9394d839bc16/numpy-2.0.0-cp311-cp311-macosx_10_9_x86_64.whl", hash = "sha256:ad0c86f3455fbd0de6c31a3056eb822fc939f81b1618f10ff3406971893b62a5", size = 21218342, upload-time = "2024-06-16T13:10:21.975Z" },
    { url = "https://files.pythonhosted.org/packages/77/4d/ba4a60298c55478b34f13c97a0ac2cf8d225320322976252a250ed04040a/numpy-2.0.0-cp311-cp311-macosx_11_0_arm64.whl", hash = "sha256:e7f387600d424f91576af20518334df3d97bc76a300a755f9a8d6e4f5cadd289", size = 13272871, upload-time = "2024-06-16T13:10:42.58Z" },
    { url = "https://files.pythonhosted.org/packages/01/4a/611a907421d8098d5edc8c2b10c3583796ee8da4156f8f7de52c2f4c9d90/numpy-2.0.0-cp311-cp311-macosx_14_0_arm64.whl", hash = "sha256:34f003cb88b1ba38cb9a9a4a3161c1604973d7f9d5552c38bc2f04f829536609", size = 5237037, upload-time = "2024-06-16T13:10:52.937Z" },
    { url = "https://files.pythonhosted.org/packages/4f/c1/42d1789f1dff7b65f2d3237eb88db258a5a7fdfb981b895509887c92838d/numpy-2.0.0-cp311-cp311-macosx_14_0_x86_64.whl", hash = "sha256:b6f6a8f45d0313db07d6d1d37bd0b112f887e1369758a5419c0370ba915b3871", size = 6886342, upload-time = "2024-06-16T13:11:04.274Z" },
    { url = "https://files.pythonhosted.org/packages/cd/37/595f27a95ff976e8086bc4be1ede21ed24ca4bc127588da59197a65d066f/numpy-2.0.0-cp311-cp311-manylinux_2_17_aarch64.manylinux2014_aarch64.whl", hash = "sha256:5f64641b42b2429f56ee08b4f427a4d2daf916ec59686061de751a55aafa22e4", size = 13913798, upload-time = "2024-06-16T13:11:25.588Z" },
    { url = "https://files.pythonhosted.org/packages/d1/27/2a7bd6855dc717aeec5f553073a3c426b9c816126555f8e616392eab856b/numpy-2.0.0-cp311-cp311-manylinux_2_17_x86_64.manylinux2014_x86_64.whl", hash = "sha256:a7039a136017eaa92c1848152827e1424701532ca8e8967fe480fe1569dae581", size = 19292279, upload-time = "2024-06-16T13:11:54.793Z" },
    { url = "https://files.pythonhosted.org/packages/1b/54/966a3f5a93d709672ad851f6db52461c0584bab52f2230cf76be482302c6/numpy-2.0.0-cp311-cp311-musllinux_1_1_x86_64.whl", hash = "sha256:46e161722e0f619749d1cd892167039015b2c2817296104487cd03ed4a955995", size = 19709770, upload-time = "2024-06-16T13:12:24.3Z" },
    { url = "https://files.pythonhosted.org/packages/cc/8b/9340ac45b6cd8bb92a03f797dbe9b7949f5b3789482e1d824cbebc80fda7/numpy-2.0.0-cp311-cp311-musllinux_1_2_aarch64.whl", hash = "sha256:0e50842b2295ba8414c8c1d9d957083d5dfe9e16828b37de883f51fc53c4016f", size = 14417906, upload-time = "2024-06-16T13:12:47.027Z" },
    { url = "https://files.pythonhosted.org/packages/fa/46/614507d78ca8ce1567ac2c3bf7a79bfd413d6fc96dc6b415abaeb3734c0a/numpy-2.0.0-cp311-cp311-win32.whl", hash = "sha256:2ce46fd0b8a0c947ae047d222f7136fc4d55538741373107574271bc00e20e8f", size = 6357084, upload-time = "2024-06-16T13:12:58.711Z" },
    { url = "https://files.pythonhosted.org/packages/9b/0f/022ca4783b6e6239a53b988a4d315d67f9ae7126227fb2255054a558bd72/numpy-2.0.0-cp311-cp311-win_amd64.whl", hash = "sha256:fbd6acc766814ea6443628f4e6751d0da6593dae29c08c0b2606164db026970c", size = 16511678, upload-time = "2024-06-16T13:13:23.583Z" },
    { url = "https://files.pythonhosted.org/packages/b7/c8/899826a2d5c94f607f5e4a6f1a0e8b07c8fea3a5b674c5706115b8aad9bb/numpy-2.0.0-cp312-cp312-macosx_10_9_x86_64.whl", hash = "sha256:354f373279768fa5a584bac997de6a6c9bc535c482592d7a813bb0c09be6c76f", size = 20944792, upload-time = "2024-06-16T13:13:55.491Z" },
    { url = "https://files.pythonhosted.org/packages/fe/ec/8ae7750d33565769c8bb7ba925d4e73ecb2de6cd8eaa6fd527fbd52797ee/numpy-2.0.0-cp312-cp312-macosx_11_0_arm64.whl", hash = "sha256:4d2f62e55a4cd9c58c1d9a1c9edaedcd857a73cb6fda875bf79093f9d9086f85", size = 13042186, upload-time = "2024-06-16T13:14:16.537Z" },
    { url = "https://files.pythonhosted.org/packages/3f/ab/1dc9f176d3084a2546cf76eb213dc61586d015ef59b3b17947b0e40038af/numpy-2.0.0-cp312-cp312-macosx_14_0_arm64.whl", hash = "sha256:1e72728e7501a450288fc8e1f9ebc73d90cfd4671ebbd631f3e7857c39bd16f2", size = 4977729, upload-time = "2024-06-16T13:14:26.805Z" },
    { url = "https://files.pythonhosted.org/packages/a0/97/61ed64cedc1b94a7939e3ab3db587822320d90a77bef70fcb586ea7c1931/numpy-2.0.0-cp312-cp312-macosx_14_0_x86_64.whl", hash = "sha256:84554fc53daa8f6abf8e8a66e076aff6ece62de68523d9f665f32d2fc50fd66e", size = 6610230, upload-time = "2024-06-16T13:14:38.126Z" },
    { url = "https://files.pythonhosted.org/packages/bb/31/1f050169270d51ef0346d4c84c7df1c45af16ea304ed5f7151584788d32e/numpy-2.0.0-cp312-cp312-manylinux_2_17_aarch64.manylinux2014_aarch64.whl", hash = "sha256:c73aafd1afca80afecb22718f8700b40ac7cab927b8abab3c3e337d70e10e5a2", size = 13619789, upload-time = "2024-06-16T13:14:59.212Z" },
    { url = "https://files.pythonhosted.org/packages/28/95/b56fc6b2abe37c03923b50415df483cf93e09e7438872280a5486131d804/numpy-2.0.0-cp312-cp312-manylinux_2_17_x86_64.manylinux2014_x86_64.whl", hash = "sha256:49d9f7d256fbc804391a7f72d4a617302b1afac1112fac19b6c6cec63fe7fe8a", size = 18993635, upload-time = "2024-06-16T13:15:27.886Z" },
    { url = "https://files.pythonhosted.org/packages/df/16/4c165a5194fc70e4a131f8db463e6baf34e0d191ed35d40a161ee4c885d4/numpy-2.0.0-cp312-cp312-musllinux_1_1_x86_64.whl", hash = "sha256:0ec84b9ba0654f3b962802edc91424331f423dcf5d5f926676e0150789cb3d95", size = 19408219, upload-time = "2024-06-16T13:15:57.141Z" },
    { url = "https://files.pythonhosted.org/packages/00/4c/440bad868bd3aff4fe4e293175a20da70cddff8674b3654eb2f112868ccf/numpy-2.0.0-cp312-cp312-musllinux_1_2_aarch64.whl", hash = "sha256:feff59f27338135776f6d4e2ec7aeeac5d5f7a08a83e80869121ef8164b74af9", size = 14101574, upload-time = "2024-06-16T13:16:19.435Z" },
    { url = "https://files.pythonhosted.org/packages/26/18/49f1e851f4157198c50f67ea3462797283aa36dd4b0c24b15f63e8118481/numpy-2.0.0-cp312-cp312-win32.whl", hash = "sha256:c5a59996dc61835133b56a32ebe4ef3740ea5bc19b3983ac60cc32be5a665d54", size = 6060205, upload-time = "2024-06-16T13:16:31.337Z" },
    { url = "https://files.pythonhosted.org/packages/ad/9c/4a93b8e395b755c53628573d75d7b21985d9a0f416e978d637084ccc8ec3/numpy-2.0.0-cp312-cp312-win_amd64.whl", hash = "sha256:a356364941fb0593bb899a1076b92dfa2029f6f5b8ba88a14fd0984aaf76d0df", size = 16208660, upload-time = "2024-06-16T13:16:58.208Z" },
]

[[package]]
name = "pycparser"
version = "2.22"
source = { registry = "https://pypi.org/simple" }
sdist = { url = "https://files.pythonhosted.org/packages/1d/b2/31537cf4b1ca988837256c910a668b553fceb8f069bedc4b1c826024b52c/pycparser-2.22.tar.gz", hash = "sha256:491c8be9c040f5390f5bf44a5b07752bd07f56edf992381b05c701439eec10f6", size = 172736, upload-time = "2024-03-30T13:22:22.564Z" }
wheels = [
    { url = "https://files.pythonhosted.org/packages/13/a3/a812df4e2dd5696d1f351d58b8fe16a405b234ad2886a0dab9183fb78109/pycparser-2.22-py3-none-any.whl", hash = "sha256:c3702b6d3dd8c7abc1afa565d7e63d53a1d0bd86cdc24edd75470f4de499cfcc", size = 117552, upload-time = "2024-03-30T13:22:20.476Z" },
]

[[package]]
name = "raylib"
version = "5.5.0.2"
source = { registry = "https://pypi.org/simple" }
dependencies = [
    { name = "cffi" },
]
sdist = { url = "https://files.pythonhosted.org/packages/8c/35/9bf3a2af73c55fd4310dcaec4f997c739888e0db9b4dfac71b7680810852/raylib-5.5.0.2.tar.gz", hash = "sha256:83c108ae3b4af40b53c93d1de2afbe309e986dd5efeb280ebe2e61c79956edb0", size = 181172, upload-time = "2024-11-26T11:12:02.791Z" }
wheels = [
    { url = "https://files.pythonhosted.org/packages/9e/c4/ce21721b474eb8f65379f7315b382ccfe1d5df728eea4dcf287b874e7461/raylib-5.5.0.2-cp311-cp311-macosx_10_13_x86_64.whl", hash = "sha256:37eb0ec97fc6b08f989489a50e09b5dde519e1bb8eb17e4033ac82227b0e5eda", size = 1703742, upload-time = "2024-11-26T11:09:31.115Z" },
    { url = "https://files.pythonhosted.org/packages/23/61/138e305c82549869bb8cd41abe75571559eafbeab6aed1ce7d8fbe3ffd58/raylib-5.5.0.2-cp311-cp311-macosx_14_0_arm64.whl", hash = "sha256:bb9e506ecd3dbec6dba868eb036269837a8bde68220690842c3238239ee887ef", size = 1247449, upload-time = "2024-11-26T11:09:34.182Z" },
    { url = "https://files.pythonhosted.org/packages/85/e0/dc638c42d1a505f0992263d48e1434d82c21afdf376b06f549d2e281dfd4/raylib-5.5.0.2-cp311-cp311-manylinux2014_aarch64.whl", hash = "sha256:70aa8bed67875a8cf25191f35263ef92d646bdfcb1f507915c81562a321f4931", size = 2184315, upload-time = "2024-11-26T11:09:36.715Z" },
    { url = "https://files.pythonhosted.org/packages/c9/1a/49db57283a28fdc1ff0e4604911b7fff085128c2ac8bdd9efa8c5c47439d/raylib-5.5.0.2-cp311-cp311-manylinux2014_x86_64.whl", hash = "sha256:0365e8c578f72f598795d9377fc70342f0d62aa193c2f304ca048b3e28866752", size = 2278139, upload-time = "2024-11-26T11:09:39.475Z" },
    { url = "https://files.pythonhosted.org/packages/f0/8a/e1a690ab6889d4cb67346a2d32bad8b8e8b0f85ec826b00f76b0ad7e6ad6/raylib-5.5.0.2-cp311-cp311-win_amd64.whl", hash = "sha256:5219be70e7fca03e9c4fddebf7e60e885d77137125c7a13f3800a947f8562a13", size = 1693944, upload-time = "2024-11-26T11:09:41.596Z" },
    { url = "https://files.pythonhosted.org/packages/69/2b/49bfa6833ad74ddf318d54ecafe73d535f583531469ecbd5b009d79667d1/raylib-5.5.0.2-cp312-cp312-macosx_10_13_x86_64.whl", hash = "sha256:5233c529d9a0cfd469d88239c2182e55c5215a7755d83cc3d611148d3b9c9e67", size = 1706157, upload-time = "2024-11-26T11:09:43.6Z" },
    { url = "https://files.pythonhosted.org/packages/58/9c/8a3f4de0c81ad1228bf26410cfe3ecdc73011c59f18e542685ffc92c0120/raylib-5.5.0.2-cp312-cp312-macosx_14_0_arm64.whl", hash = "sha256:1f76204ffbc492722b571b12dbdc0dca89b10da76ddf48c12a3968d2db061dff", size = 1248027, upload-time = "2025-01-04T20:21:46.269Z" },
    { url = "https://files.pythonhosted.org/packages/7f/16/63baf1aae94832b9f5d15cafcee67bb6dd07a20cf64d40bac09903b79274/raylib-5.5.0.2-cp312-cp312-manylinux2014_aarch64.whl", hash = "sha256:f8cc2e39f1d6b29211a97ec0ac818a5b04c43a40e747e4b4622101d48c711f9e", size = 2195374, upload-time = "2024-11-26T11:09:46.114Z" },
    { url = "https://files.pythonhosted.org/packages/70/bd/61a006b4e3ce4a6ca974cb0ceeb19f3816815ebabac650e9bf82767e65f6/raylib-5.5.0.2-cp312-cp312-manylinux2014_x86_64.whl", hash = "sha256:f12da578a28da7f48481f46323e5aab8dd25461982b0e80d045782d6e69649f5", size = 2299593, upload-time = "2024-11-26T11:09:48.963Z" },
    { url = "https://files.pythonhosted.org/packages/f4/4f/59d554cc495bea8235b17cebfc76ed57aaa602c613b870159e31282fd4c1/raylib-5.5.0.2-cp312-cp312-win_amd64.whl", hash = "sha256:b40234bbad9523fd6a2049640c76a98b4d6f0b8f4bd19bd33eaee55faf5e050d", size = 1696780, upload-time = "2024-11-26T11:09:50.787Z" },
    { url = "https://files.pythonhosted.org/packages/ba/0a/78edc3ed1e2ca7e2ccea31ac5a8f4440a924662ee1042ecb76e08f465d8a/raylib-5.5.0.2-cp313-cp313-macosx_10_13_x86_64.whl", hash = "sha256:2bfa9419a12eeb259f99c75c351db167968306295a5017cd4735241eaf2fa399", size = 1706104, upload-time = "2024-11-26T11:09:53.571Z" },
    { url = "https://files.pythonhosted.org/packages/48/fb/8b79a03c0d63bd6613d3e25df26d6c42fe36689f052abefa00a311be53fc/raylib-5.5.0.2-cp313-cp313-macosx_14_0_arm64.whl", hash = "sha256:216456d0fa8da85c253a8596ca4b35c995bbf8af0fb8fa5244a4c6f5debfe294", size = 1248018, upload-time = "2024-11-26T11:09:56.257Z" },
    { url = "https://files.pythonhosted.org/packages/57/42/8ef2a8e21a2b4ba7ac4ea13b1dd9bc5d1084020ddca06ad0c6582c784a4e/raylib-5.5.0.2-cp313-cp313-manylinux2014_x86_64.whl", hash = "sha256:4f1c33b7d2404e70dbf3dd8d71701efb24902adfcb553122bf3d9441ea4fd6f0", size = 2299336, upload-time = "2024-11-26T11:09:59.307Z" },
    { url = "https://files.pythonhosted.org/packages/b4/67/4c25526fde4dabf5cc60093202f8d07a7dc4b1bd29d7b84db55b443a527c/raylib-5.5.0.2-cp313-cp313-win_amd64.whl", hash = "sha256:6b60c97a9f6cfaeef4f59ff162ea29f02c18282d129edebb62f132b2ad6bb935", size = 1696790, upload-time = "2024-11-26T11:10:01.812Z" },
    { url = "https://files.pythonhosted.org/packages/4a/22/2e02e3738ad041f5ec2830aecdfab411fc2960bfc3400e03b477284bfaf7/raylib-5.5.0.2-pp311-pypy311_pp73-macosx_10_13_x86_64.whl", hash = "sha256:bc45fe1c0aac50aa319a9a66d44bb2bd0dcd038a44d95978191ae7bfeb4a06d8", size = 1216231, upload-time = "2025-02-12T04:21:59.38Z" },
    { url = "https://files.pythonhosted.org/packages/fe/7d/b29afedc4a706b12143f74f322cb32ad5a6f43e56aaca2a9fb89b0d94eee/raylib-5.5.0.2-pp311-pypy311_pp73-manylinux2014_x86_64.whl", hash = "sha256:2242fd6079da5137e9863a447224f800adef6386ca8f59013a5d62cc5cadab2b", size = 1394928, upload-time = "2025-02-12T04:22:03.021Z" },
    { url = "https://files.pythonhosted.org/packages/b6/fa/2daf36d78078c6871b241168a36156169cfc8ea089faba5abe8edad304be/raylib-5.5.0.2-pp311-pypy311_pp73-win_amd64.whl", hash = "sha256:e475a40764c9f83f9e66406bd86d85587eb923329a61ade463c3c59e1e880b16", size = 1564224, upload-time = "2025-02-12T04:22:05.911Z" },
]

[[package]]
name = "scipy"
version = "1.14.1"
source = { registry = "https://pypi.org/simple" }
dependencies = [
    { name = "numpy" },
]
sdist = { url = "https://files.pythonhosted.org/packages/62/11/4d44a1f274e002784e4dbdb81e0ea96d2de2d1045b2132d5af62cc31fd28/scipy-1.14.1.tar.gz", hash = "sha256:5a275584e726026a5699459aa72f828a610821006228e841b94275c4a7c08417", size = 58620554, upload-time = "2024-08-21T00:09:20.662Z" }
wheels = [
    { url = "https://files.pythonhosted.org/packages/b2/ab/070ccfabe870d9f105b04aee1e2860520460ef7ca0213172abfe871463b9/scipy-1.14.1-cp311-cp311-macosx_10_13_x86_64.whl", hash = "sha256:2da0469a4ef0ecd3693761acbdc20f2fdeafb69e6819cc081308cc978153c675", size = 39076999, upload-time = "2024-08-21T00:04:32.61Z" },
    { url = "https://files.pythonhosted.org/packages/a7/c5/02ac82f9bb8f70818099df7e86c3ad28dae64e1347b421d8e3adf26acab6/scipy-1.14.1-cp311-cp311-macosx_12_0_arm64.whl", hash = "sha256:c0ee987efa6737242745f347835da2cc5bb9f1b42996a4d97d5c7ff7928cb6f2", size = 29894570, upload-time = "2024-08-21T00:04:37.938Z" },
    { url = "https://files.pythonhosted.org/packages/ed/05/7f03e680cc5249c4f96c9e4e845acde08eb1aee5bc216eff8a089baa4ddb/scipy-1.14.1-cp311-cp311-macosx_14_0_arm64.whl", hash = "sha256:3a1b111fac6baec1c1d92f27e76511c9e7218f1695d61b59e05e0fe04dc59617", size = 23103567, upload-time = "2024-08-21T00:04:42.582Z" },
    { url = "https://files.pythonhosted.org/packages/5e/fc/9f1413bef53171f379d786aabc104d4abeea48ee84c553a3e3d8c9f96a9c/scipy-1.14.1-cp311-cp311-macosx_14_0_x86_64.whl", hash = "sha256:8475230e55549ab3f207bff11ebfc91c805dc3463ef62eda3ccf593254524ce8", size = 25499102, upload-time = "2024-08-21T00:04:47.467Z" },
    { url = "https://files.pythonhosted.org/packages/c2/4b/b44bee3c2ddc316b0159b3d87a3d467ef8d7edfd525e6f7364a62cd87d90/scipy-1.14.1-cp311-cp311-manylinux_2_17_aarch64.manylinux2014_aarch64.whl", hash = "sha256:278266012eb69f4a720827bdd2dc54b2271c97d84255b2faaa8f161a158c3b37", size = 35586346, upload-time = "2024-08-21T00:04:53.872Z" },
    { url = "https://files.pythonhosted.org/packages/93/6b/701776d4bd6bdd9b629c387b5140f006185bd8ddea16788a44434376b98f/scipy-1.14.1-cp311-cp311-manylinux_2_17_x86_64.manylinux2014_x86_64.whl", hash = "sha256:fef8c87f8abfb884dac04e97824b61299880c43f4ce675dd2cbeadd3c9b466d2", size = 41165244, upload-time = "2024-08-21T00:05:00.489Z" },
    { url = "https://files.pythonhosted.org/packages/06/57/e6aa6f55729a8f245d8a6984f2855696c5992113a5dc789065020f8be753/scipy-1.14.1-cp311-cp311-musllinux_1_2_x86_64.whl", hash = "sha256:b05d43735bb2f07d689f56f7b474788a13ed8adc484a85aa65c0fd931cf9ccd2", size = 42817917, upload-time = "2024-08-21T00:05:07.533Z" },
    { url = "https://files.pythonhosted.org/packages/ea/c2/5ecadc5fcccefaece775feadcd795060adf5c3b29a883bff0e678cfe89af/scipy-1.14.1-cp311-cp311-win_amd64.whl", hash = "sha256:716e389b694c4bb564b4fc0c51bc84d381735e0d39d3f26ec1af2556ec6aad94", size = 44781033, upload-time = "2024-08-21T00:05:14.297Z" },
    { url = "https://files.pythonhosted.org/packages/c0/04/2bdacc8ac6387b15db6faa40295f8bd25eccf33f1f13e68a72dc3c60a99e/scipy-1.14.1-cp312-cp312-macosx_10_13_x86_64.whl", hash = "sha256:631f07b3734d34aced009aaf6fedfd0eb3498a97e581c3b1e5f14a04164a456d", size = 39128781, upload-time = "2024-08-21T04:08:04.15Z" },
    { url = "https://files.pythonhosted.org/packages/c8/53/35b4d41f5fd42f5781dbd0dd6c05d35ba8aa75c84ecddc7d44756cd8da2e/scipy-1.14.1-cp312-cp312-macosx_12_0_arm64.whl", hash = "sha256:af29a935803cc707ab2ed7791c44288a682f9c8107bc00f0eccc4f92c08d6e07", size = 29939542, upload-time = "2024-08-21T00:05:25.758Z" },
    { url = "https://files.pythonhosted.org/packages/66/67/6ef192e0e4d77b20cc33a01e743b00bc9e68fb83b88e06e636d2619a8767/scipy-1.14.1-cp312-cp312-macosx_14_0_arm64.whl", hash = "sha256:2843f2d527d9eebec9a43e6b406fb7266f3af25a751aa91d62ff416f54170bc5", size = 23148375, upload-time = "2024-08-21T00:05:30.359Z" },
    { url = "https://files.pythonhosted.org/packages/f6/32/3a6dedd51d68eb7b8e7dc7947d5d841bcb699f1bf4463639554986f4d782/scipy-1.14.1-cp312-cp312-macosx_14_0_x86_64.whl", hash = "sha256:eb58ca0abd96911932f688528977858681a59d61a7ce908ffd355957f7025cfc", size = 25578573, upload-time = "2024-08-21T00:05:35.274Z" },
    { url = "https://files.pythonhosted.org/packages/f0/5a/efa92a58dc3a2898705f1dc9dbaf390ca7d4fba26d6ab8cfffb0c72f656f/scipy-1.14.1-cp312-cp312-manylinux_2_17_aarch64.manylinux2014_aarch64.whl", hash = "sha256:30ac8812c1d2aab7131a79ba62933a2a76f582d5dbbc695192453dae67ad6310", size = 35319299, upload-time = "2024-08-21T00:05:40.956Z" },
    { url = "https://files.pythonhosted.org/packages/8e/ee/8a26858ca517e9c64f84b4c7734b89bda8e63bec85c3d2f432d225bb1886/scipy-1.14.1-cp312-cp312-manylinux_2_17_x86_64.manylinux2014_x86_64.whl", hash = "sha256:8f9ea80f2e65bdaa0b7627fb00cbeb2daf163caa015e59b7516395fe3bd1e066", size = 40849331, upload-time = "2024-08-21T00:05:47.53Z" },
    { url = "https://files.pythonhosted.org/packages/a5/cd/06f72bc9187840f1c99e1a8750aad4216fc7dfdd7df46e6280add14b4822/scipy-1.14.1-cp312-cp312-musllinux_1_2_x86_64.whl", hash = "sha256:edaf02b82cd7639db00dbff629995ef185c8df4c3ffa71a5562a595765a06ce1", size = 42544049, upload-time = "2024-08-21T00:05:59.294Z" },
    { url = "https://files.pythonhosted.org/packages/aa/7d/43ab67228ef98c6b5dd42ab386eae2d7877036970a0d7e3dd3eb47a0d530/scipy-1.14.1-cp312-cp312-win_amd64.whl", hash = "sha256:2ff38e22128e6c03ff73b6bb0f85f897d2362f8c052e3b8ad00532198fbdae3f", size = 44521212, upload-time = "2024-08-21T00:06:06.521Z" },
    { url = "https://files.pythonhosted.org/packages/50/ef/ac98346db016ff18a6ad7626a35808f37074d25796fd0234c2bb0ed1e054/scipy-1.14.1-cp313-cp313-macosx_10_13_x86_64.whl", hash = "sha256:1729560c906963fc8389f6aac023739ff3983e727b1a4d87696b7bf108316a79", size = 39091068, upload-time = "2024-08-21T00:06:13.671Z" },
    { url = "https://files.pythonhosted.org/packages/b9/cc/70948fe9f393b911b4251e96b55bbdeaa8cca41f37c26fd1df0232933b9e/scipy-1.14.1-cp313-cp313-macosx_12_0_arm64.whl", hash = "sha256:4079b90df244709e675cdc8b93bfd8a395d59af40b72e339c2287c91860deb8e", size = 29875417, upload-time = "2024-08-21T00:06:21.482Z" },
    { url = "https://files.pythonhosted.org/packages/3b/2e/35f549b7d231c1c9f9639f9ef49b815d816bf54dd050da5da1c11517a218/scipy-1.14.1-cp313-cp313-macosx_14_0_arm64.whl", hash = "sha256:e0cf28db0f24a38b2a0ca33a85a54852586e43cf6fd876365c86e0657cfe7d73", size = 23084508, upload-time = "2024-08-21T00:06:28.064Z" },
    { url = "https://files.pythonhosted.org/packages/3f/d6/b028e3f3e59fae61fb8c0f450db732c43dd1d836223a589a8be9f6377203/scipy-1.14.1-cp313-cp313-macosx_14_0_x86_64.whl", hash = "sha256:0c2f95de3b04e26f5f3ad5bb05e74ba7f68b837133a4492414b3afd79dfe540e", size = 25503364, upload-time = "2024-08-21T00:06:35.25Z" },
    { url = "https://files.pythonhosted.org/packages/a7/2f/6c142b352ac15967744d62b165537a965e95d557085db4beab2a11f7943b/scipy-1.14.1-cp313-cp313-manylinux_2_17_aarch64.manylinux2014_aarch64.whl", hash = "sha256:b99722ea48b7ea25e8e015e8341ae74624f72e5f21fc2abd45f3a93266de4c5d", size = 35292639, upload-time = "2024-08-21T00:06:44.542Z" },
    { url = "https://files.pythonhosted.org/packages/56/46/2449e6e51e0d7c3575f289f6acb7f828938eaab8874dbccfeb0cd2b71a27/scipy-1.14.1-cp313-cp313-manylinux_2_17_x86_64.manylinux2014_x86_64.whl", hash = "sha256:5149e3fd2d686e42144a093b206aef01932a0059c2a33ddfa67f5f035bdfe13e", size = 40798288, upload-time = "2024-08-21T00:06:54.182Z" },
    { url = "https://files.pythonhosted.org/packages/32/cd/9d86f7ed7f4497c9fd3e39f8918dd93d9f647ba80d7e34e4946c0c2d1a7c/scipy-1.14.1-cp313-cp313-musllinux_1_2_x86_64.whl", hash = "sha256:e4f5a7c49323533f9103d4dacf4e4f07078f360743dec7f7596949149efeec06", size = 42524647, upload-time = "2024-08-21T00:07:04.649Z" },
    { url = "https://files.pythonhosted.org/packages/f5/1b/6ee032251bf4cdb0cc50059374e86a9f076308c1512b61c4e003e241efb7/scipy-1.14.1-cp313-cp313-win_amd64.whl", hash = "sha256:baff393942b550823bfce952bb62270ee17504d02a1801d7fd0719534dfb9c84", size = 44469524, upload-time = "2024-08-21T00:07:15.381Z" },
]

[[package]]
name = "taxi-driver-env"
version = "0.1.34"
source = { editable = "." }
dependencies = [
    { name = "gymnasium" },
    { name = "numba" },
    { name = "numpy" },
    { name = "raylib" },
    { name = "scipy" },
    { name = "tqdm" },
]

[package.metadata]
requires-dist = [
    { name = "gymnasium", specifier = ">=0.29.1,<0.30" },
    { name = "numba", specifier = ">=0.60.0,<0.61" },
    { name = "numpy", specifier = "==2.0.0" },
    { name = "raylib", specifier = ">=5.0.0.2,<6" },
    { name = "scipy", specifier = ">=1.14.0,<2" },
    { name = "tqdm", specifier = ">=4.66.4,<5" },
]

[[package]]
name = "tqdm"
version = "4.67.1"
source = { registry = "https://pypi.org/simple" }
dependencies = [
    { name = "colorama", marker = "sys_platform == 'win32'" },
]
sdist = { url = "https://files.pythonhosted.org/packages/a8/4b/29b4ef32e036bb34e4ab51796dd745cdba7ed47ad142a9f4a1eb8e0c744d/tqdm-4.67.1.tar.gz", hash = "sha256:f8aef9c52c08c13a65f30ea34f4e5aac3fd1a34959879d7e59e63027286627f2", size = 169737, upload-time = "2024-11-24T20:12:22.481Z" }
wheels = [
    { url = "https://files.pythonhosted.org/packages/d0/30/dc54f88dd4a2b5dc8a0279bdd7270e735851848b762aeb1c1184ed1f6b14/tqdm-4.67.1-py3-none-any.whl", hash = "sha256:26445eca388f82e72884e0d580d5464cd801a3ea01e63e5601bdff9ba6a48de2", size = 78540, upload-time = "2024-11-24T20:12:19.698Z" },
]

[[package]]
name = "typing-extensions"
version = "4.12.2"
source = { registry = "https://pypi.org/simple" }
sdist = { url = "https://files.pythonhosted.org/packages/df/db/f35a00659bc03fec321ba8bce9420de607a1d37f8342eee1863174c69557/typing_extensions-4.12.2.tar.gz", hash = "sha256:1a7ead55c7e559dd4dee8856e3a88b41225abfe1ce8df57b7c13915fe121ffb8", size = 85321, upload-time = "2024-06-07T18:52:15.995Z" }
wheels = [
    { url = "https://files.pythonhosted.org/packages/26/9f/ad63fc0248c5379346306f8668cda6e2e2e9c95e01216d2b8ffd9ff037d0/typing_extensions-4.12.2-py3-none-any.whl", hash = "sha256:04e5ca0351e0f3f85c6853954072df659d0d13fac324d0072316b67d7794700d", size = 37438, upload-time = "2024-06-07T18:52:13.582Z" },
]
