version = 1
revision = 2
requires-python = ">=3.11, <4"

[[package]]
name = "cloudpickle"
version = "3.1.0"
source = { registry = "https://pypi.org/simple" }
sdist = { url = "https://files.pythonhosted.org/packages/97/c7/f746cadd08c4c08129215cf1b984b632f9e579fc781301e63da9e85c76c1/cloudpickle-3.1.0.tar.gz", hash = "sha256:81a929b6e3c7335c863c771d673d105f02efdb89dfaba0c90495d1c64796601b", size = 66155, upload-time = "2024-10-11T16:30:23.241Z" }
wheels = [
    { url = "https://files.pythonhosted.org/packages/48/41/e1d85ca3cab0b674e277c8c4f678cf66a91cd2cecf93df94353a606fe0db/cloudpickle-3.1.0-py3-none-any.whl", hash = "sha256:fe11acda67f61aaaec473e3afe030feb131d78a43461b718185363384f1ba12e", size = 22021, upload-time = "2024-10-11T16:30:12.798Z" },
]

[[package]]
name = "farama-notifications"
version = "0.0.4"
source = { registry = "https://pypi.org/simple" }
sdist = { url = "https://files.pythonhosted.org/packages/2e/2c/8384832b7a6b1fd6ba95bbdcae26e7137bb3eedc955c42fd5cdcc086cfbf/Farama-Notifications-0.0.4.tar.gz", hash = "sha256:13fceff2d14314cf80703c8266462ebf3733c7d165336eee998fc58e545efd18", size = 2131, upload-time = "2023-02-27T18:28:41.047Z" }
wheels = [
    { url = "https://files.pythonhosted.org/packages/05/2c/ffc08c54c05cdce6fbed2aeebc46348dbe180c6d2c541c7af7ba0aa5f5f8/Farama_Notifications-0.0.4-py3-none-any.whl", hash = "sha256:14de931035a41961f7c056361dc7f980762a143d05791ef5794a751a2caf05ae", size = 2511, upload-time = "2023-02-27T18:28:39.447Z" },
]

[[package]]
name = "fire"
version = "0.6.0"
source = { registry = "https://pypi.org/simple" }
dependencies = [
    { name = "six" },
    { name = "termcolor" },
]
sdist = { url = "https://files.pythonhosted.org/packages/1b/1b/84c63f592ecdfbb3d77d22a8d93c9b92791e4fa35677ad71a7d6449100f8/fire-0.6.0.tar.gz", hash = "sha256:54ec5b996ecdd3c0309c800324a0703d6da512241bc73b553db959d98de0aa66", size = 88439, upload-time = "2024-03-11T19:52:00.293Z" }

[[package]]
name = "gymnasium"
version = "0.29.1"
source = { registry = "https://pypi.org/simple" }
dependencies = [
    { name = "cloudpickle" },
    { name = "farama-notifications" },
    { name = "numpy" },
    { name = "typing-extensions" },
]
sdist = { url = "https://files.pythonhosted.org/packages/0d/f8/5699ddb3e1c4f6d97b8930e573074849b921da8374fccd141f0f3a9bd713/gymnasium-0.29.1.tar.gz", hash = "sha256:1a532752efcb7590478b1cc7aa04f608eb7a2fdad5570cd217b66b6a35274bb1", size = 820485, upload-time = "2023-08-21T13:07:32.024Z" }
wheels = [
    { url = "https://files.pythonhosted.org/packages/a8/4d/3cbfd81ed84db450dbe73a89afcd8bc405273918415649ac6683356afe92/gymnasium-0.29.1-py3-none-any.whl", hash = "sha256:61c3384b5575985bb7f85e43213bcb40f36fcdff388cae6bc229304c71f2843e", size = 953939, upload-time = "2023-08-21T13:07:29.934Z" },
]

[[package]]
name = "numpy"
version = "2.0.0"
source = { registry = "https://pypi.org/simple" }
sdist = { url = "https://files.pythonhosted.org/packages/05/35/fb1ada118002df3fe91b5c3b28bc0d90f879b881a5d8f68b1f9b79c44bfe/numpy-2.0.0.tar.gz", hash = "sha256:cf5d1c9e6837f8af9f92b6bd3e86d513cdc11f60fd62185cc49ec7d1aba34864", size = 18326228, upload-time = "2024-06-16T13:24:44.066Z" }
wheels = [
    { url = "https://files.pythonhosted.org/packages/58/52/a1aea658c7134ea0977542fc4d1aa6f1f9876c6a14ffeecd9394d839bc16/numpy-2.0.0-cp311-cp311-macosx_10_9_x86_64.whl", hash = "sha256:ad0c86f3455fbd0de6c31a3056eb822fc939f81b1618f10ff3406971893b62a5", size = 21218342, upload-time = "2024-06-16T13:10:21.975Z" },
    { url = "https://files.pythonhosted.org/packages/77/4d/ba4a60298c55478b34f13c97a0ac2cf8d225320322976252a250ed04040a/numpy-2.0.0-cp311-cp311-macosx_11_0_arm64.whl", hash = "sha256:e7f387600d424f91576af20518334df3d97bc76a300a755f9a8d6e4f5cadd289", size = 13272871, upload-time = "2024-06-16T13:10:42.58Z" },
    { url = "https://files.pythonhosted.org/packages/01/4a/611a907421d8098d5edc8c2b10c3583796ee8da4156f8f7de52c2f4c9d90/numpy-2.0.0-cp311-cp311-macosx_14_0_arm64.whl", hash = "sha256:34f003cb88b1ba38cb9a9a4a3161c1604973d7f9d5552c38bc2f04f829536609", size = 5237037, upload-time = "2024-06-16T13:10:52.937Z" },
    { url = "https://files.pythonhosted.org/packages/4f/c1/42d1789f1dff7b65f2d3237eb88db258a5a7fdfb981b895509887c92838d/numpy-2.0.0-cp311-cp311-macosx_14_0_x86_64.whl", hash = "sha256:b6f6a8f45d0313db07d6d1d37bd0b112f887e1369758a5419c0370ba915b3871", size = 6886342, upload-time = "2024-06-16T13:11:04.274Z" },
    { url = "https://files.pythonhosted.org/packages/cd/37/595f27a95ff976e8086bc4be1ede21ed24ca4bc127588da59197a65d066f/numpy-2.0.0-cp311-cp311-manylinux_2_17_aarch64.manylinux2014_aarch64.whl", hash = "sha256:5f64641b42b2429f56ee08b4f427a4d2daf916ec59686061de751a55aafa22e4", size = 13913798, upload-time = "2024-06-16T13:11:25.588Z" },
    { url = "https://files.pythonhosted.org/packages/d1/27/2a7bd6855dc717aeec5f553073a3c426b9c816126555f8e616392eab856b/numpy-2.0.0-cp311-cp311-manylinux_2_17_x86_64.manylinux2014_x86_64.whl", hash = "sha256:a7039a136017eaa92c1848152827e1424701532ca8e8967fe480fe1569dae581", size = 19292279, upload-time = "2024-06-16T13:11:54.793Z" },
    { url = "https://files.pythonhosted.org/packages/1b/54/966a3f5a93d709672ad851f6db52461c0584bab52f2230cf76be482302c6/numpy-2.0.0-cp311-cp311-musllinux_1_1_x86_64.whl", hash = "sha256:46e161722e0f619749d1cd892167039015b2c2817296104487cd03ed4a955995", size = 19709770, upload-time = "2024-06-16T13:12:24.3Z" },
    { url = "https://files.pythonhosted.org/packages/cc/8b/9340ac45b6cd8bb92a03f797dbe9b7949f5b3789482e1d824cbebc80fda7/numpy-2.0.0-cp311-cp311-musllinux_1_2_aarch64.whl", hash = "sha256:0e50842b2295ba8414c8c1d9d957083d5dfe9e16828b37de883f51fc53c4016f", size = 14417906, upload-time = "2024-06-16T13:12:47.027Z" },
    { url = "https://files.pythonhosted.org/packages/fa/46/614507d78ca8ce1567ac2c3bf7a79bfd413d6fc96dc6b415abaeb3734c0a/numpy-2.0.0-cp311-cp311-win32.whl", hash = "sha256:2ce46fd0b8a0c947ae047d222f7136fc4d55538741373107574271bc00e20e8f", size = 6357084, upload-time = "2024-06-16T13:12:58.711Z" },
    { url = "https://files.pythonhosted.org/packages/9b/0f/022ca4783b6e6239a53b988a4d315d67f9ae7126227fb2255054a558bd72/numpy-2.0.0-cp311-cp311-win_amd64.whl", hash = "sha256:fbd6acc766814ea6443628f4e6751d0da6593dae29c08c0b2606164db026970c", size = 16511678, upload-time = "2024-06-16T13:13:23.583Z" },
    { url = "https://files.pythonhosted.org/packages/b7/c8/899826a2d5c94f607f5e4a6f1a0e8b07c8fea3a5b674c5706115b8aad9bb/numpy-2.0.0-cp312-cp312-macosx_10_9_x86_64.whl", hash = "sha256:354f373279768fa5a584bac997de6a6c9bc535c482592d7a813bb0c09be6c76f", size = 20944792, upload-time = "2024-06-16T13:13:55.491Z" },
    { url = "https://files.pythonhosted.org/packages/fe/ec/8ae7750d33565769c8bb7ba925d4e73ecb2de6cd8eaa6fd527fbd52797ee/numpy-2.0.0-cp312-cp312-macosx_11_0_arm64.whl", hash = "sha256:4d2f62e55a4cd9c58c1d9a1c9edaedcd857a73cb6fda875bf79093f9d9086f85", size = 13042186, upload-time = "2024-06-16T13:14:16.537Z" },
    { url = "https://files.pythonhosted.org/packages/3f/ab/1dc9f176d3084a2546cf76eb213dc61586d015ef59b3b17947b0e40038af/numpy-2.0.0-cp312-cp312-macosx_14_0_arm64.whl", hash = "sha256:1e72728e7501a450288fc8e1f9ebc73d90cfd4671ebbd631f3e7857c39bd16f2", size = 4977729, upload-time = "2024-06-16T13:14:26.805Z" },
    { url = "https://files.pythonhosted.org/packages/a0/97/61ed64cedc1b94a7939e3ab3db587822320d90a77bef70fcb586ea7c1931/numpy-2.0.0-cp312-cp312-macosx_14_0_x86_64.whl", hash = "sha256:84554fc53daa8f6abf8e8a66e076aff6ece62de68523d9f665f32d2fc50fd66e", size = 6610230, upload-time = "2024-06-16T13:14:38.126Z" },
    { url = "https://files.pythonhosted.org/packages/bb/31/1f050169270d51ef0346d4c84c7df1c45af16ea304ed5f7151584788d32e/numpy-2.0.0-cp312-cp312-manylinux_2_17_aarch64.manylinux2014_aarch64.whl", hash = "sha256:c73aafd1afca80afecb22718f8700b40ac7cab927b8abab3c3e337d70e10e5a2", size = 13619789, upload-time = "2024-06-16T13:14:59.212Z" },
    { url = "https://files.pythonhosted.org/packages/28/95/b56fc6b2abe37c03923b50415df483cf93e09e7438872280a5486131d804/numpy-2.0.0-cp312-cp312-manylinux_2_17_x86_64.manylinux2014_x86_64.whl", hash = "sha256:49d9f7d256fbc804391a7f72d4a617302b1afac1112fac19b6c6cec63fe7fe8a", size = 18993635, upload-time = "2024-06-16T13:15:27.886Z" },
    { url = "https://files.pythonhosted.org/packages/df/16/4c165a5194fc70e4a131f8db463e6baf34e0d191ed35d40a161ee4c885d4/numpy-2.0.0-cp312-cp312-musllinux_1_1_x86_64.whl", hash = "sha256:0ec84b9ba0654f3b962802edc91424331f423dcf5d5f926676e0150789cb3d95", size = 19408219, upload-time = "2024-06-16T13:15:57.141Z" },
    { url = "https://files.pythonhosted.org/packages/00/4c/440bad868bd3aff4fe4e293175a20da70cddff8674b3654eb2f112868ccf/numpy-2.0.0-cp312-cp312-musllinux_1_2_aarch64.whl", hash = "sha256:feff59f27338135776f6d4e2ec7aeeac5d5f7a08a83e80869121ef8164b74af9", size = 14101574, upload-time = "2024-06-16T13:16:19.435Z" },
    { url = "https://files.pythonhosted.org/packages/26/18/49f1e851f4157198c50f67ea3462797283aa36dd4b0c24b15f63e8118481/numpy-2.0.0-cp312-cp312-win32.whl", hash = "sha256:c5a59996dc61835133b56a32ebe4ef3740ea5bc19b3983ac60cc32be5a665d54", size = 6060205, upload-time = "2024-06-16T13:16:31.337Z" },
    { url = "https://files.pythonhosted.org/packages/ad/9c/4a93b8e395b755c53628573d75d7b21985d9a0f416e978d637084ccc8ec3/numpy-2.0.0-cp312-cp312-win_amd64.whl", hash = "sha256:a356364941fb0593bb899a1076b92dfa2029f6f5b8ba88a14fd0984aaf76d0df", size = 16208660, upload-time = "2024-06-16T13:16:58.208Z" },
]

[[package]]
name = "six"
version = "1.17.0"
source = { registry = "https://pypi.org/simple" }
sdist = { url = "https://files.pythonhosted.org/packages/94/e7/b2c673351809dca68a0e064b6af791aa332cf192da575fd474ed7d6f16a2/six-1.17.0.tar.gz", hash = "sha256:ff70335d468e7eb6ec65b95b99d3a2836546063f63acc5171de367e834932a81", size = 34031, upload-time = "2024-12-04T17:35:28.174Z" }
wheels = [
    { url = "https://files.pythonhosted.org/packages/b7/ce/149a00dd41f10bc29e5921b496af8b574d8413afcd5e30dfa0ed46c2cc5e/six-1.17.0-py2.py3-none-any.whl", hash = "sha256:4721f391ed90541fddacab5acf947aa0d3dc7d27b2e1e8eda2be8970586c3274", size = 11050, upload-time = "2024-12-04T17:35:26.475Z" },
]

[[package]]
name = "taxi-driver-agent"
version = "0.1.0"
source = { editable = "." }
dependencies = [
    { name = "fire" },
    { name = "gymnasium" },
    { name = "numpy" },
]

[package.metadata]
requires-dist = [
    { name = "fire", specifier = ">=0.6.0,<0.7" },
    { name = "gymnasium", specifier = ">=0.29.1,<0.30" },
    { name = "numpy", specifier = "==2.0.0" },
]

[[package]]
name = "termcolor"
version = "2.5.0"
source = { registry = "https://pypi.org/simple" }
sdist = { url = "https://files.pythonhosted.org/packages/37/72/88311445fd44c455c7d553e61f95412cf89054308a1aa2434ab835075fc5/termcolor-2.5.0.tar.gz", hash = "sha256:998d8d27da6d48442e8e1f016119076b690d962507531df4890fcd2db2ef8a6f", size = 13057, upload-time = "2024-10-06T19:50:04.115Z" }
wheels = [
    { url = "https://files.pythonhosted.org/packages/7f/be/df630c387a0a054815d60be6a97eb4e8f17385d5d6fe660e1c02750062b4/termcolor-2.5.0-py3-none-any.whl", hash = "sha256:37b17b5fc1e604945c2642c872a3764b5d547a48009871aea3edd3afa180afb8", size = 7755, upload-time = "2024-10-06T19:50:02.097Z" },
]

[[package]]
name = "typing-extensions"
version = "4.12.2"
source = { registry = "https://pypi.org/simple" }
sdist = { url = "https://files.pythonhosted.org/packages/df/db/f35a00659bc03fec321ba8bce9420de607a1d37f8342eee1863174c69557/typing_extensions-4.12.2.tar.gz", hash = "sha256:1a7ead55c7e559dd4dee8856e3a88b41225abfe1ce8df57b7c13915fe121ffb8", size = 85321, upload-time = "2024-06-07T18:52:15.995Z" }
wheels = [
    { url = "https://files.pythonhosted.org/packages/26/9f/ad63fc0248c5379346306f8668cda6e2e2e9c95e01216d2b8ffd9ff037d0/typing_extensions-4.12.2-py3-none-any.whl", hash = "sha256:04e5ca0351e0f3f85c6853954072df659d0d13fac324d0072316b67d7794700d", size = 37438, upload-time = "2024-06-07T18:52:13.582Z" },
]
